
Microsoft Visual Studio Solution File, Format Version 12.00
# Visual Studio Version 17
VisualStudioVersion = 17.14.36717.8
MinimumVisualStudioVersion = 10.0.40219.1
Project("{FAE04EC0-301F-11D3-BF4B-00C04F79EFBC}") = "CSharpCollective", "CSharpCollective\CSharpCollective.csproj", "{82EF258A-E4A3-4409-B311-C85687D22B4D}"
EndProject
Project("{FAE04EC0-301F-11D3-BF4B-00C04F79EFBC}") = "Database", "Database\Database.csproj", "{5D2C7CAA-D63E-7440-65F5-3727EF6D6D5B}"
EndProject
Project("{FAE04EC0-301F-11D3-BF4B-00C04F79EFBC}") = "Services", "Services\Services.csproj", "{97207750-6972-232F-BB7B-6106666106AF}"
EndProject
Global
	GlobalSection(SolutionConfigurationPlatforms) = preSolution
		Debug|Any CPU = Debug|Any CPU
		Release|Any CPU = Release|Any CPU
	EndGlobalSection
	GlobalSection(ProjectConfigurationPlatforms) = postSolution
		{82EF258A-E4A3-4409-B311-C85687D22B4D}.Debug|Any CPU.ActiveCfg = Debug|Any CPU
		{82EF258A-E4A3-4409-B311-C85687D22B4D}.Debug|Any CPU.Build.0 = Debug|Any CPU
		{82EF258A-E4A3-4409-B311-C85687D22B4D}.Release|Any CPU.ActiveCfg = Release|Any CPU
		{82EF258A-E4A3-4409-B311-C85687D22B4D}.Release|Any CPU.Build.0 = Release|Any CPU
		{5D2C7CAA-D63E-7440-65F5-3727EF6D6D5B}.Debug|Any CPU.ActiveCfg = Debug|Any CPU
		{5D2C7CAA-D63E-7440-65F5-3727EF6D6D5B}.Debug|Any CPU.Build.0 = Debug|Any CPU
		{5D2C7CAA-D63E-7440-65F5-3727EF6D6D5B}.Release|Any CPU.ActiveCfg = Release|Any CPU
		{5D2C7CAA-D63E-7440-65F5-3727EF6D6D5B}.Release|Any CPU.Build.0 = Release|Any CPU
		{97207750-6972-232F-BB7B-6106666106AF}.Debug|Any CPU.ActiveCfg = Debug|Any CPU
		{97207750-6972-232F-BB7B-6106666106AF}.Debug|Any CPU.Build.0 = Debug|Any CPU
		{97207750-6972-232F-BB7B-6106666106AF}.Release|Any CPU.ActiveCfg = Release|Any CPU
		{97207750-6972-232F-BB7B-6106666106AF}.Release|Any CPU.Build.0 = Release|Any CPU
	EndGlobalSection
	GlobalSection(SolutionProperties) = preSolution
		HideSolutionNode = FALSE
	EndGlobalSection
	GlobalSection(ExtensibilityGlobals) = postSolution
		SolutionGuid = {A2B268B2-567A-4939-B286-C4CF717E3527}
	EndGlobalSection
EndGlobal
